
Microsoft Visual Studio Solution File, Format Version 12.00
# Visual Studio Version 17
VisualStudioVersion = 17.0.32014.148
MinimumVisualStudioVersion = 10.0.40219.1
Project("{FAE04EC0-301F-11D3-BF4B-00C04F79EFBC}") = "asp.net.mvc_lesson5", "asp.net.mvc_lesson5\asp.net.mvc_lesson5.csproj", "{A9C14FAD-DB56-4CCF-AA89-92890DAE9FDD}"
EndProject
Global
	GlobalSection(SolutionConfigurationPlatforms) = preSolution
		Debug|Any CPU = Debug|Any CPU
		Release|Any CPU = Release|Any CPU
	EndGlobalSection
	GlobalSection(ProjectConfigurationPlatforms) = postSolution
		{A9C14FAD-DB56-4CCF-AA89-92890DAE9FDD}.Debug|Any CPU.ActiveCfg = Debug|Any CPU
		{A9C14FAD-DB56-4CCF-AA89-92890DAE9FDD}.Debug|Any CPU.Build.0 = Debug|Any CPU
		{A9C14FAD-DB56-4CCF-AA89-92890DAE9FDD}.Release|Any CPU.ActiveCfg = Release|Any CPU
		{A9C14FAD-DB56-4CCF-AA89-92890DAE9FDD}.Release|Any CPU.Build.0 = Release|Any CPU
	EndGlobalSection
	GlobalSection(SolutionProperties) = preSolution
		HideSolutionNode = FALSE
	EndGlobalSection
	GlobalSection(ExtensibilityGlobals) = postSolution
		SolutionGuid = {8409CDE7-8813-47CE-A6C1-136627EA9100}
	EndGlobalSection
EndGlobal
